
Microsoft Visual Studio Solution File, Format Version 12.00
# Visual Studio Version 17
VisualStudioVersion = 17.9.34622.214
MinimumVisualStudioVersion = 10.0.40219.1
Project("{FAE04EC0-301F-11D3-BF4B-00C04F79EFBC}") = "CrudOperationMVC", "CrudOperationMVC\CrudOperationMVC.csproj", "{01BD8FAB-8C08-43B3-B596-9610C85E02E3}"
EndProject
Global
	GlobalSection(SolutionConfigurationPlatforms) = preSolution
		Debug|Any CPU = Debug|Any CPU
		Release|Any CPU = Release|Any CPU
	EndGlobalSection
	GlobalSection(ProjectConfigurationPlatforms) = postSolution
		{01BD8FAB-8C08-43B3-B596-9610C85E02E3}.Debug|Any CPU.ActiveCfg = Debug|Any CPU
		{01BD8FAB-8C08-43B3-B596-9610C85E02E3}.Debug|Any CPU.Build.0 = Debug|Any CPU
		{01BD8FAB-8C08-43B3-B596-9610C85E02E3}.Release|Any CPU.ActiveCfg = Release|Any CPU
		{01BD8FAB-8C08-43B3-B596-9610C85E02E3}.Release|Any CPU.Build.0 = Release|Any CPU
	EndGlobalSection
	GlobalSection(SolutionProperties) = preSolution
		HideSolutionNode = FALSE
	EndGlobalSection
	GlobalSection(ExtensibilityGlobals) = postSolution
		SolutionGuid = {86E1AC77-CA3A-421F-BD2C-77E85D567435}
	EndGlobalSection
EndGlobal
